
Microsoft Visual Studio Solution File, Format Version 12.00
# Visual Studio 15
VisualStudioVersion = 15.0.28010.2036
MinimumVisualStudioVersion = 10.0.40219.1
Project("{9A19103F-16F7-4668-BE54-9A1E7A4F7556}") = "PairMatching", "PairMatching\PairMatching.csproj", "{3E5480DC-8ECA-40A0-A332-D15B90C10FC8}"
EndProject
Global
	GlobalSection(SolutionConfigurationPlatforms) = preSolution
		Debug|Any CPU = Debug|Any CPU
		Release|Any CPU = Release|Any CPU
	EndGlobalSection
	GlobalSection(ProjectConfigurationPlatforms) = postSolution
		{3E5480DC-8ECA-40A0-A332-D15B90C10FC8}.Debug|Any CPU.ActiveCfg = Debug|Any CPU
		{3E5480DC-8ECA-40A0-A332-D15B90C10FC8}.Debug|Any CPU.Build.0 = Debug|Any CPU
		{3E5480DC-8ECA-40A0-A332-D15B90C10FC8}.Release|Any CPU.ActiveCfg = Release|Any CPU
		{3E5480DC-8ECA-40A0-A332-D15B90C10FC8}.Release|Any CPU.Build.0 = Release|Any CPU
	EndGlobalSection
	GlobalSection(SolutionProperties) = preSolution
		HideSolutionNode = FALSE
	EndGlobalSection
	GlobalSection(ExtensibilityGlobals) = postSolution
		SolutionGuid = {BE778738-AFFE-477E-8C9B-0E5BC46E8103}
	EndGlobalSection
EndGlobal
